// !$*UTF8*$!
{
	archiveVersion = 1;
	classes = {
	};
	objectVersion = 55;
	objects = {

/* Begin PBXBuildFile section */
		13D1CB9128ACD9DF00BAA8B7 /* AppDelegate.m in Sources */ = {isa = PBXBuildFile; fileRef = 13D1CB9028ACD9DF00BAA8B7 /* AppDelegate.m */; };
		13D1CB9428ACD9DF00BAA8B7 /* SceneDelegate.m in Sources */ = {isa = PBXBuildFile; fileRef = 13D1CB9328ACD9DF00BAA8B7 /* SceneDelegate.m */; };
		13D1CB9728ACD9DF00BAA8B7 /* ViewController.m in Sources */ = {isa = PBXBuildFile; fileRef = 13D1CB9628ACD9DF00BAA8B7 /* ViewController.m */; };
		13D1CB9A28ACD9DF00BAA8B7 /* Main.storyboard in Resources */ = {isa = PBXBuildFile; fileRef = 13D1CB9828ACD9DF00BAA8B7 /* Main.storyboard */; };
		13D1CB9C28ACD9E300BAA8B7 /* Assets.xcassets in Resources */ = {isa = PBXBuildFile; fileRef = 13D1CB9B28ACD9E300BAA8B7 /* Assets.xcassets */; };
		13D1CB9F28ACD9E300BAA8B7 /* LaunchScreen.storyboard in Resources */ = {isa = PBXBuildFile; fileRef = 13D1CB9D28ACD9E300BAA8B7 /* LaunchScreen.storyboard */; };
		13D1CBA228ACD9E300BAA8B7 /* main.m in Sources */ = {isa = PBXBuildFile; fileRef = 13D1CBA128ACD9E300BAA8B7 /* main.m */; };
		13D1CBAA28ACDBD900BAA8B7 /* QNIMSDK.framework in Frameworks */ = {isa = PBXBuildFile; fileRef = 13D1CBA828ACDAC400BAA8B7 /* QNIMSDK.framework */; platformFilter = ios; };
		13D1CBAB28ACDBD900BAA8B7 /* QNIMSDK.framework in Embed Frameworks */ = {isa = PBXBuildFile; fileRef = 13D1CBA828ACDAC400BAA8B7 /* QNIMSDK.framework */; platformFilter = ios; settings = {ATTRIBUTES = (CodeSignOnCopy, RemoveHeadersOnCopy, ); }; };
/* End PBXBuildFile section */

/* Begin PBXCopyFilesBuildPhase section */
		13D1CBAC28ACDBD900BAA8B7 /* Embed Frameworks */ = {
			isa = PBXCopyFilesBuildPhase;
			buildActionMask = 2147483647;
			dstPath = "";
			dstSubfolderSpec = 10;
			files = (
				13D1CBAB28ACDBD900BAA8B7 /* QNIMSDK.framework in Embed Frameworks */,
			);
			name = "Embed Frameworks";
			runOnlyForDeploymentPostprocessing = 0;
		};
/* End PBXCopyFilesBuildPhase section */

/* Begin PBXFileReference section */
		13D1CB8C28ACD9DF00BAA8B7 /* IMDemo.app */ = {isa = PBXFileReference; explicitFileType = wrapper.application; includeInIndex = 0; path = IMDemo.app; sourceTree = BUILT_PRODUCTS_DIR; };
		13D1CB8F28ACD9DF00BAA8B7 /* AppDelegate.h */ = {isa = PBXFileReference; lastKnownFileType = sourcecode.c.h; path = AppDelegate.h; sourceTree = "<group>"; };
		13D1CB9028ACD9DF00BAA8B7 /* AppDelegate.m */ = {isa = PBXFileReference; lastKnownFileType = sourcecode.c.objc; path = AppDelegate.m; sourceTree = "<group>"; };
		13D1CB9228ACD9DF00BAA8B7 /* SceneDelegate.h */ = {isa = PBXFileReference; lastKnownFileType = sourcecode.c.h; path = SceneDelegate.h; sourceTree = "<group>"; };
		13D1CB9328ACD9DF00BAA8B7 /* SceneDelegate.m */ = {isa = PBXFileReference; lastKnownFileType = sourcecode.c.objc; path = SceneDelegate.m; sourceTree = "<group>"; };
		13D1CB9528ACD9DF00BAA8B7 /* ViewController.h */ = {isa = PBXFileReference; lastKnownFileType = sourcecode.c.h; path = ViewController.h; sourceTree = "<group>"; };
		13D1CB9628ACD9DF00BAA8B7 /* ViewController.m */ = {isa = PBXFileReference; lastKnownFileType = sourcecode.c.objc; path = ViewController.m; sourceTree = "<group>"; };
		13D1CB9928ACD9DF00BAA8B7 /* Base */ = {isa = PBXFileReference; lastKnownFileType = file.storyboard; name = Base; path = Base.lproj/Main.storyboard; sourceTree = "<group>"; };
		13D1CB9B28ACD9E300BAA8B7 /* Assets.xcassets */ = {isa = PBXFileReference; lastKnownFileType = folder.assetcatalog; path = Assets.xcassets; sourceTree = "<group>"; };
		13D1CB9E28ACD9E300BAA8B7 /* Base */ = {isa = PBXFileReference; lastKnownFileType = file.storyboard; name = Base; path = Base.lproj/LaunchScreen.storyboard; sourceTree = "<group>"; };
		13D1CBA028ACD9E300BAA8B7 /* Info.plist */ = {isa = PBXFileReference; lastKnownFileType = text.plist.xml; path = Info.plist; sourceTree = "<group>"; };
		13D1CBA128ACD9E300BAA8B7 /* main.m */ = {isa = PBXFileReference; lastKnownFileType = sourcecode.c.objc; path = main.m; sourceTree = "<group>"; };
		13D1CBA828ACDAC400BAA8B7 /* QNIMSDK.framework */ = {isa = PBXFileReference; lastKnownFileType = wrapper.framework; path = QNIMSDK.framework; sourceTree = "<group>"; };
/* End PBXFileReference section */

/* Begin PBXFrameworksBuildPhase section */
		13D1CB8928ACD9DF00BAA8B7 /* Frameworks */ = {
			isa = PBXFrameworksBuildPhase;
			buildActionMask = 2147483647;
			files = (
				13D1CBAA28ACDBD900BAA8B7 /* QNIMSDK.framework in Frameworks */,
			);
			runOnlyForDeploymentPostprocessing = 0;
		};
/* End PBXFrameworksBuildPhase section */

/* Begin PBXGroup section */
		13D1CB8328ACD9DF00BAA8B7 = {
			isa = PBXGroup;
			children = (
				13D1CBA828ACDAC400BAA8B7 /* QNIMSDK.framework */,
				13D1CB8E28ACD9DF00BAA8B7 /* IMDemo */,
				13D1CB8D28ACD9DF00BAA8B7 /* Products */,
			);
			sourceTree = "<group>";
		};
		13D1CB8D28ACD9DF00BAA8B7 /* Products */ = {
			isa = PBXGroup;
			children = (
				13D1CB8C28ACD9DF00BAA8B7 /* IMDemo.app */,
			);
			name = Products;
			sourceTree = "<group>";
		};
		13D1CB8E28ACD9DF00BAA8B7 /* IMDemo */ = {
			isa = PBXGroup;
			children = (
				13D1CB8F28ACD9DF00BAA8B7 /* AppDelegate.h */,
				13D1CB9028ACD9DF00BAA8B7 /* AppDelegate.m */,
				13D1CB9228ACD9DF00BAA8B7 /* SceneDelegate.h */,
				13D1CB9328ACD9DF00BAA8B7 /* SceneDelegate.m */,
				13D1CB9528ACD9DF00BAA8B7 /* ViewController.h */,
				13D1CB9628ACD9DF00BAA8B7 /* ViewController.m */,
				13D1CB9828ACD9DF00BAA8B7 /* Main.storyboard */,
				13D1CB9B28ACD9E300BAA8B7 /* Assets.xcassets */,
				13D1CB9D28ACD9E300BAA8B7 /* LaunchScreen.storyboard */,
				13D1CBA028ACD9E300BAA8B7 /* Info.plist */,
				13D1CBA128ACD9E300BAA8B7 /* main.m */,
			);
			path = IMDemo;
			sourceTree = "<group>";
		};
/* End PBXGroup section */

/* Begin PBXNativeTarget section */
		13D1CB8B28ACD9DF00BAA8B7 /* IMDemo */ = {
			isa = PBXNativeTarget;
			buildConfigurationList = 13D1CBA528ACD9E300BAA8B7 /* Build configuration list for PBXNativeTarget "IMDemo" */;
			buildPhases = (
				13D1CB8828ACD9DF00BAA8B7 /* Sources */,
				13D1CB8928ACD9DF00BAA8B7 /* Frameworks */,
				13D1CB8A28ACD9DF00BAA8B7 /* Resources */,
				13D1CBAC28ACDBD900BAA8B7 /* Embed Frameworks */,
			);
			buildRules = (
			);
			dependencies = (
			);
			name = IMDemo;
			productName = IMDemo;
			productReference = 13D1CB8C28ACD9DF00BAA8B7 /* IMDemo.app */;
			productType = "com.apple.product-type.application";
		};
/* End PBXNativeTarget section */

/* Begin PBXProject section */
		13D1CB8428ACD9DF00BAA8B7 /* Project object */ = {
			isa = PBXProject;
			attributes = {
				BuildIndependentTargetsInParallel = 1;
				LastUpgradeCheck = 1320;
				TargetAttributes = {
					13D1CB8B28ACD9DF00BAA8B7 = {
						CreatedOnToolsVersion = 13.2.1;
					};
				};
			};
			buildConfigurationList = 13D1CB8728ACD9DF00BAA8B7 /* Build configuration list for PBXProject "IMDemo" */;
			compatibilityVersion = "Xcode 13.0";
			developmentRegion = en;
			hasScannedForEncodings = 0;
			knownRegions = (
				en,
				Base,
			);
			mainGroup = 13D1CB8328ACD9DF00BAA8B7;
			productRefGroup = 13D1CB8D28ACD9DF00BAA8B7 /* Products */;
			projectDirPath = "";
			projectRoot = "";
			targets = (
				13D1CB8B28ACD9DF00BAA8B7 /* IMDemo */,
			);
		};
/* End PBXProject section */

/* Begin PBXResourcesBuildPhase section */
		13D1CB8A28ACD9DF00BAA8B7 /* Resources */ = {
			isa = PBXResourcesBuildPhase;
			buildActionMask = 2147483647;
			files = (
				13D1CB9F28ACD9E300BAA8B7 /* LaunchScreen.storyboard in Resources */,
				13D1CB9C28ACD9E300BAA8B7 /* Assets.xcassets in Resources */,
				13D1CB9A28ACD9DF00BAA8B7 /* Main.storyboard in Resources */,
			);
			runOnlyForDeploymentPostprocessing = 0;
		};
/* End PBXResourcesBuildPhase section */

/* Begin PBXSourcesBuildPhase section */
		13D1CB8828ACD9DF00BAA8B7 /* Sources */ = {
			isa = PBXSourcesBuildPhase;
			buildActionMask = 2147483647;
			files = (
				13D1CB9728ACD9DF00BAA8B7 /* ViewController.m in Sources */,
				13D1CB9128ACD9DF00BAA8B7 /* AppDelegate.m in Sources */,
				13D1CBA228ACD9E300BAA8B7 /* main.m in Sources */,
				13D1CB9428ACD9DF00BAA8B7 /* SceneDelegate.m in Sources */,
			);
			runOnlyForDeploymentPostprocessing = 0;
		};
/* End PBXSourcesBuildPhase section */

/* Begin PBXVariantGroup section */
		13D1CB9828ACD9DF00BAA8B7 /* Main.storyboard */ = {
			isa = PBXVariantGroup;
			children = (
				13D1CB9928ACD9DF00BAA8B7 /* Base */,
			);
			name = Main.storyboard;
			sourceTree = "<group>";
		};
		13D1CB9D28ACD9E300BAA8B7 /* LaunchScreen.storyboard */ = {
			isa = PBXVariantGroup;
			children = (
				13D1CB9E28ACD9E300BAA8B7 /* Base */,
			);
			name = LaunchScreen.storyboard;
			sourceTree = "<group>";
		};
/* End PBXVariantGroup section */

/* Begin XCBuildConfiguration section */
		13D1CBA328ACD9E300BAA8B7 /* Debug */ = {
			isa = XCBuildConfiguration;
			buildSettings = {
				ALWAYS_SEARCH_USER_PATHS = NO;
				CLANG_ANALYZER_NONNULL = YES;
				CLANG_ANALYZER_NUMBER_OBJECT_CONVERSION = YES_AGGRESSIVE;
				CLANG_CXX_LANGUAGE_STANDARD = "gnu++17";
				CLANG_CXX_LIBRARY = "libc++";
				CLANG_ENABLE_MODULES = YES;
				CLANG_ENABLE_OBJC_ARC = YES;
				CLANG_ENABLE_OBJC_WEAK = YES;
				CLANG_WARN_BLOCK_CAPTURE_AUTORELEASING = YES;
				CLANG_WARN_BOOL_CONVERSION = YES;
				CLANG_WARN_COMMA = YES;
				CLANG_WARN_CONSTANT_CONVERSION = YES;
				CLANG_WARN_DEPRECATED_OBJC_IMPLEMENTATIONS = YES;
				CLANG_WARN_DIRECT_OBJC_ISA_USAGE = YES_ERROR;
				CLANG_WARN_DOCUMENTATION_COMMENTS = YES;
				CLANG_WARN_EMPTY_BODY = YES;
				CLANG_WARN_ENUM_CONVERSION = YES;
				CLANG_WARN_INFINITE_RECURSION = YES;
				CLANG_WARN_INT_CONVERSION = YES;
				CLANG_WARN_NON_LITERAL_NULL_CONVERSION = YES;
				CLANG_WARN_OBJC_IMPLICIT_RETAIN_SELF = YES;
				CLANG_WARN_OBJC_LITERAL_CONVERSION = YES;
				CLANG_WARN_OBJC_ROOT_CLASS = YES_ERROR;
				CLANG_WARN_QUOTED_INCLUDE_IN_FRAMEWORK_HEADER = YES;
				CLANG_WARN_RANGE_LOOP_ANALYSIS = YES;
				CLANG_WARN_STRICT_PROTOTYPES = YES;
				CLANG_WARN_SUSPICIOUS_MOVE = YES;
				CLANG_WARN_UNGUARDED_AVAILABILITY = YES_AGGRESSIVE;
				CLANG_WARN_UNREACHABLE_CODE = YES;
				CLANG_WARN__DUPLICATE_METHOD_MATCH = YES;
				COPY_PHASE_STRIP = NO;
				DEBUG_INFORMATION_FORMAT = dwarf;
				ENABLE_STRICT_OBJC_MSGSEND = YES;
				ENABLE_TESTABILITY = YES;
				GCC_C_LANGUAGE_STANDARD = gnu11;
				GCC_DYNAMIC_NO_PIC = NO;
				GCC_NO_COMMON_BLOCKS = YES;
				GCC_OPTIMIZATION_LEVEL = 0;
				GCC_PREPROCESSOR_DEFINITIONS = (
					"DEBUG=1",
					"$(inherited)",
				);
				GCC_WARN_64_TO_32_BIT_CONVERSION = YES;
				GCC_WARN_ABOUT_RETURN_TYPE = YES_ERROR;
				GCC_WARN_UNDECLARED_SELECTOR = YES;
				GCC_WARN_UNINITIALIZED_AUTOS = YES_AGGRESSIVE;
				GCC_WARN_UNUSED_FUNCTION = YES;
				GCC_WARN_UNUSED_VARIABLE = YES;
				IPHONEOS_DEPLOYMENT_TARGET = 15.2;
				MTL_ENABLE_DEBUG_INFO = INCLUDE_SOURCE;
				MTL_FAST_MATH = YES;
				ONLY_ACTIVE_ARCH = YES;
				SDKROOT = iphoneos;
			};
			name = Debug;
		};
		13D1CBA428ACD9E300BAA8B7 /* Release */ = {
			isa = XCBuildConfiguration;
			buildSettings = {
				ALWAYS_SEARCH_USER_PATHS = NO;
				CLANG_ANALYZER_NONNULL = YES;
				CLANG_ANALYZER_NUMBER_OBJECT_CONVERSION = YES_AGGRESSIVE;
				CLANG_CXX_LANGUAGE_STANDARD = "gnu++17";
				CLANG_CXX_LIBRARY = "libc++";
				CLANG_ENABLE_MODULES = YES;
				CLANG_ENABLE_OBJC_ARC = YES;
				CLANG_ENABLE_OBJC_WEAK = YES;
				CLANG_WARN_BLOCK_CAPTURE_AUTORELEASING = YES;
				CLANG_WARN_BOOL_CONVERSION = YES;
				CLANG_WARN_COMMA = YES;
				CLANG_WARN_CONSTANT_CONVERSION = YES;
				CLANG_WARN_DEPRECATED_OBJC_IMPLEMENTATIONS = YES;
				CLANG_WARN_DIRECT_OBJC_ISA_USAGE = YES_ERROR;
				CLANG_WARN_DOCUMENTATION_COMMENTS = YES;
				CLANG_WARN_EMPTY_BODY = YES;
				CLANG_WARN_ENUM_CONVERSION = YES;
				CLANG_WARN_INFINITE_RECURSION = YES;
				CLANG_WARN_INT_CONVERSION = YES;
				CLANG_WARN_NON_LITERAL_NULL_CONVERSION = YES;
				CLANG_WARN_OBJC_IMPLICIT_RETAIN_SELF = YES;
				CLANG_WARN_OBJC_LITERAL_CONVERSION = YES;
				CLANG_WARN_OBJC_ROOT_CLASS = YES_ERROR;
				CLANG_WARN_QUOTED_INCLUDE_IN_FRAMEWORK_HEADER = YES;
				CLANG_WARN_RANGE_LOOP_ANALYSIS = YES;
				CLANG_WARN_STRICT_PROTOTYPES = YES;
				CLANG_WARN_SUSPICIOUS_MOVE = YES;
				CLANG_WARN_UNGUARDED_AVAILABILITY = YES_AGGRESSIVE;
				CLANG_WARN_UNREACHABLE_CODE = YES;
				CLANG_WARN__DUPLICATE_METHOD_MATCH = YES;
				COPY_PHASE_STRIP = NO;
				DEBUG_INFORMATION_FORMAT = "dwarf-with-dsym";
				ENABLE_NS_ASSERTIONS = NO;
				ENABLE_STRICT_OBJC_MSGSEND = YES;
				GCC_C_LANGUAGE_STANDARD = gnu11;
				GCC_NO_COMMON_BLOCKS = YES;
				GCC_WARN_64_TO_32_BIT_CONVERSION = YES;
				GCC_WARN_ABOUT_RETURN_TYPE = YES_ERROR;
				GCC_WARN_UNDECLARED_SELECTOR = YES;
				GCC_WARN_UNINITIALIZED_AUTOS = YES_AGGRESSIVE;
				GCC_WARN_UNUSED_FUNCTION = YES;
				GCC_WARN_UNUSED_VARIABLE = YES;
				IPHONEOS_DEPLOYMENT_TARGET = 15.2;
				MTL_ENABLE_DEBUG_INFO = NO;
				MTL_FAST_MATH = YES;
				SDKROOT = iphoneos;
				VALIDATE_PRODUCT = YES;
			};
			name = Release;
		};
		13D1CBA628ACD9E300BAA8B7 /* Debug */ = {
			isa = XCBuildConfiguration;
			buildSettings = {
				ASSETCATALOG_COMPILER_APPICON_NAME = AppIcon;
				ASSETCATALOG_COMPILER_GLOBAL_ACCENT_COLOR_NAME = AccentColor;
				CODE_SIGN_STYLE = Automatic;
				CURRENT_PROJECT_VERSION = 1;
				DEVELOPMENT_TEAM = 5L8DLLG694;
				ENABLE_BITCODE = NO;
				FRAMEWORK_SEARCH_PATHS = (
					"$(inherited)",
					"$(PROJECT_DIR)",
				);
				GENERATE_INFOPLIST_FILE = YES;
				INFOPLIST_FILE = IMDemo/Info.plist;
				INFOPLIST_KEY_UIApplicationSupportsIndirectInputEvents = YES;
				INFOPLIST_KEY_UILaunchStoryboardName = LaunchScreen;
				INFOPLIST_KEY_UIMainStoryboardFile = Main;
				INFOPLIST_KEY_UISupportedInterfaceOrientations_iPad = "UIInterfaceOrientationPortrait UIInterfaceOrientationPortraitUpsideDown UIInterfaceOrientationLandscapeLeft UIInterfaceOrientationLandscapeRight";
				INFOPLIST_KEY_UISupportedInterfaceOrientations_iPhone = "UIInterfaceOrientationPortrait UIInterfaceOrientationLandscapeLeft UIInterfaceOrientationLandscapeRight";
				IPHONEOS_DEPLOYMENT_TARGET = 14.0;
				LD_RUNPATH_SEARCH_PATHS = (
					"$(inherited)",
					"@executable_path/Frameworks",
				);
				MARKETING_VERSION = 1.0;
				PRODUCT_BUNDLE_IDENTIFIER = com.qiniu.IMDemo;
				PRODUCT_NAME = "$(TARGET_NAME)";
				SWIFT_EMIT_LOC_STRINGS = YES;
				TARGETED_DEVICE_FAMILY = "1,2";
			};
			name = Debug;
		};
		13D1CBA728ACD9E300BAA8B7 /* Release */ = {
			isa = XCBuildConfiguration;
			buildSettings = {
				ASSETCATALOG_COMPILER_APPICON_NAME = AppIcon;
				ASSETCATALOG_COMPILER_GLOBAL_ACCENT_COLOR_NAME = AccentColor;
				CODE_SIGN_STYLE = Automatic;
				CURRENT_PROJECT_VERSION = 1;
				DEVELOPMENT_TEAM = 5L8DLLG694;
				ENABLE_BITCODE = NO;
				FRAMEWORK_SEARCH_PATHS = (
					"$(inherited)",
					"$(PROJECT_DIR)",
				);
				GENERATE_INFOPLIST_FILE = YES;
				INFOPLIST_FILE = IMDemo/Info.plist;
				INFOPLIST_KEY_UIApplicationSupportsIndirectInputEvents = YES;
				INFOPLIST_KEY_UILaunchStoryboardName = LaunchScreen;
				INFOPLIST_KEY_UIMainStoryboardFile = Main;
				INFOPLIST_KEY_UISupportedInterfaceOrientations_iPad = "UIInterfaceOrientationPortrait UIInterfaceOrientationPortraitUpsideDown UIInterfaceOrientationLandscapeLeft UIInterfaceOrientationLandscapeRight";
				INFOPLIST_KEY_UISupportedInterfaceOrientations_iPhone = "UIInterfaceOrientationPortrait UIInterfaceOrientationLandscapeLeft UIInterfaceOrientationLandscapeRight";
				IPHONEOS_DEPLOYMENT_TARGET = 14.0;
				LD_RUNPATH_SEARCH_PATHS = (
					"$(inherited)",
					"@executable_path/Frameworks",
				);
				MARKETING_VERSION = 1.0;
				PRODUCT_BUNDLE_IDENTIFIER = com.qiniu.IMDemo;
				PRODUCT_NAME = "$(TARGET_NAME)";
				SWIFT_EMIT_LOC_STRINGS = YES;
				TARGETED_DEVICE_FAMILY = "1,2";
			};
			name = Release;
		};
/* End XCBuildConfiguration section */

/* Begin XCConfigurationList section */
		13D1CB8728ACD9DF00BAA8B7 /* Build configuration list for PBXProject "IMDemo" */ = {
			isa = XCConfigurationList;
			buildConfigurations = (
				13D1CBA328ACD9E300BAA8B7 /* Debug */,
				13D1CBA428ACD9E300BAA8B7 /* Release */,
			);
			defaultConfigurationIsVisible = 0;
			defaultConfigurationName = Release;
		};
		13D1CBA528ACD9E300BAA8B7 /* Build configuration list for PBXNativeTarget "IMDemo" */ = {
			isa = XCConfigurationList;
			buildConfigurations = (
				13D1CBA628ACD9E300BAA8B7 /* Debug */,
				13D1CBA728ACD9E300BAA8B7 /* Release */,
			);
			defaultConfigurationIsVisible = 0;
			defaultConfigurationName = Release;
		};
/* End XCConfigurationList section */
	};
	rootObject = 13D1CB8428ACD9DF00BAA8B7 /* Project object */;
}
